
Microsoft Visual Studio Solution File, Format Version 12.00
# Visual Studio Version 16
VisualStudioVersion = 16.0.31515.178
MinimumVisualStudioVersion = 10.0.40219.1
Project("{FAE04EC0-301F-11D3-BF4B-00C04F79EFBC}") = "BillingSystem", "BillingSystem\BillingSystem.csproj", "{334F53DA-10CA-44BE-A8C2-CE0630253541}"
EndProject
Project("{FAE04EC0-301F-11D3-BF4B-00C04F79EFBC}") = "BillingSystem.Tests", "BillingSystem.Tests\BillingSystem.Tests.csproj", "{4F64424A-E210-499B-87A2-078829388CC0}"
EndProject
Global
	GlobalSection(SolutionConfigurationPlatforms) = preSolution
		Debug|Any CPU = Debug|Any CPU
		Release|Any CPU = Release|Any CPU
	EndGlobalSection
	GlobalSection(ProjectConfigurationPlatforms) = postSolution
		{334F53DA-10CA-44BE-A8C2-CE0630253541}.Debug|Any CPU.ActiveCfg = Debug|Any CPU
		{334F53DA-10CA-44BE-A8C2-CE0630253541}.Debug|Any CPU.Build.0 = Debug|Any CPU
		{334F53DA-10CA-44BE-A8C2-CE0630253541}.Release|Any CPU.ActiveCfg = Release|Any CPU
		{334F53DA-10CA-44BE-A8C2-CE0630253541}.Release|Any CPU.Build.0 = Release|Any CPU
		{4F64424A-E210-499B-87A2-078829388CC0}.Debug|Any CPU.ActiveCfg = Debug|Any CPU
		{4F64424A-E210-499B-87A2-078829388CC0}.Debug|Any CPU.Build.0 = Debug|Any CPU
		{4F64424A-E210-499B-87A2-078829388CC0}.Release|Any CPU.ActiveCfg = Release|Any CPU
		{4F64424A-E210-499B-87A2-078829388CC0}.Release|Any CPU.Build.0 = Release|Any CPU
	EndGlobalSection
	GlobalSection(SolutionProperties) = preSolution
		HideSolutionNode = FALSE
	EndGlobalSection
	GlobalSection(ExtensibilityGlobals) = postSolution
		SolutionGuid = {0555B813-340B-4685-93AB-A186DC0D8638}
	EndGlobalSection
EndGlobal
